
Microsoft Visual Studio Solution File, Format Version 12.00
# Visual Studio Version 16
VisualStudioVersion = 16.0.31229.75
MinimumVisualStudioVersion = 10.0.40219.1
Project("{FAE04EC0-301F-11D3-BF4B-00C04F79EFBC}") = "SubwayEntrance", "SubwayEntrance\SubwayEntrance.csproj", "{E35A7863-F84E-4551-B94A-872F44BA5D4F}"
EndProject
Global
	GlobalSection(SolutionConfigurationPlatforms) = preSolution
		Debug|Any CPU = Debug|Any CPU
		Release|Any CPU = Release|Any CPU
	EndGlobalSection
	GlobalSection(ProjectConfigurationPlatforms) = postSolution
		{E35A7863-F84E-4551-B94A-872F44BA5D4F}.Debug|Any CPU.ActiveCfg = Debug|Any CPU
		{E35A7863-F84E-4551-B94A-872F44BA5D4F}.Debug|Any CPU.Build.0 = Debug|Any CPU
		{E35A7863-F84E-4551-B94A-872F44BA5D4F}.Release|Any CPU.ActiveCfg = Release|Any CPU
		{E35A7863-F84E-4551-B94A-872F44BA5D4F}.Release|Any CPU.Build.0 = Release|Any CPU
	EndGlobalSection
	GlobalSection(SolutionProperties) = preSolution
		HideSolutionNode = FALSE
	EndGlobalSection
	GlobalSection(ExtensibilityGlobals) = postSolution
		SolutionGuid = {C51AFDF3-1304-4429-ABF0-2AE4EE6020AC}
	EndGlobalSection
EndGlobal
